
Microsoft Visual Studio Solution File, Format Version 12.00
# Visual Studio 15
VisualStudioVersion = 15.0.28307.489
MinimumVisualStudioVersion = 10.0.40219.1
Project("{FAE04EC0-301F-11D3-BF4B-00C04F79EFBC}") = "Library", "Library\Library.csproj", "{CF74F188-F303-4118-82C8-136D753AB435}"
EndProject
Global
	GlobalSection(SolutionConfigurationPlatforms) = preSolution
		Debug|Any CPU = Debug|Any CPU
		Release|Any CPU = Release|Any CPU
	EndGlobalSection
	GlobalSection(ProjectConfigurationPlatforms) = postSolution
		{CF74F188-F303-4118-82C8-136D753AB435}.Debug|Any CPU.ActiveCfg = Debug|Any CPU
		{CF74F188-F303-4118-82C8-136D753AB435}.Debug|Any CPU.Build.0 = Debug|Any CPU
		{CF74F188-F303-4118-82C8-136D753AB435}.Release|Any CPU.ActiveCfg = Release|Any CPU
		{CF74F188-F303-4118-82C8-136D753AB435}.Release|Any CPU.Build.0 = Release|Any CPU
	EndGlobalSection
	GlobalSection(SolutionProperties) = preSolution
		HideSolutionNode = FALSE
	EndGlobalSection
	GlobalSection(ExtensibilityGlobals) = postSolution
		SolutionGuid = {7B422D5F-04CB-46FB-B2CB-976835CD2BB2}
	EndGlobalSection
EndGlobal
